
Microsoft Visual Studio Solution File, Format Version 12.00
# Visual Studio Version 17
VisualStudioVersion = 17.4.33403.182
MinimumVisualStudioVersion = 10.0.40219.1
Project("{888888A0-9F3D-457C-B088-3A5042F75D52}") = "NPI_Python", "NPI_Python\NPI_Python.pyproj", "{4A17605B-665C-4576-83A9-86C0AE382EA4}"
EndProject
Global
	GlobalSection(SolutionConfigurationPlatforms) = preSolution
		Debug|Any CPU = Debug|Any CPU
		Release|Any CPU = Release|Any CPU
	EndGlobalSection
	GlobalSection(ProjectConfigurationPlatforms) = postSolution
		{4A17605B-665C-4576-83A9-86C0AE382EA4}.Debug|Any CPU.ActiveCfg = Debug|Any CPU
		{4A17605B-665C-4576-83A9-86C0AE382EA4}.Release|Any CPU.ActiveCfg = Release|Any CPU
	EndGlobalSection
	GlobalSection(SolutionProperties) = preSolution
		HideSolutionNode = FALSE
	EndGlobalSection
	GlobalSection(ExtensibilityGlobals) = postSolution
		SolutionGuid = {769970DF-83C6-4C25-9FE1-1C438C6B9D54}
	EndGlobalSection
EndGlobal
